
Microsoft Visual Studio Solution File, Format Version 12.00
# Visual Studio 15
VisualStudioVersion = 15.0.27703.2026
MinimumVisualStudioVersion = 10.0.40219.1
Project("{FAE04EC0-301F-11D3-BF4B-00C04F79EFBC}") = "MasterSpa.Exceptions", "MasterSpa.Exceptions\MasterSpa.Exceptions.csproj", "{1427BA7C-4320-4F85-8BB6-4F82E4C87AD2}"
EndProject
Global
	GlobalSection(SolutionConfigurationPlatforms) = preSolution
		Debug|Any CPU = Debug|Any CPU
		Release|Any CPU = Release|Any CPU
	EndGlobalSection
	GlobalSection(ProjectConfigurationPlatforms) = postSolution
		{1427BA7C-4320-4F85-8BB6-4F82E4C87AD2}.Debug|Any CPU.ActiveCfg = Debug|Any CPU
		{1427BA7C-4320-4F85-8BB6-4F82E4C87AD2}.Debug|Any CPU.Build.0 = Debug|Any CPU
		{1427BA7C-4320-4F85-8BB6-4F82E4C87AD2}.Release|Any CPU.ActiveCfg = Release|Any CPU
		{1427BA7C-4320-4F85-8BB6-4F82E4C87AD2}.Release|Any CPU.Build.0 = Release|Any CPU
	EndGlobalSection
	GlobalSection(SolutionProperties) = preSolution
		HideSolutionNode = FALSE
	EndGlobalSection
	GlobalSection(ExtensibilityGlobals) = postSolution
		SolutionGuid = {B0C32712-FA35-42E7-83ED-F1E38DA019C1}
	EndGlobalSection
EndGlobal
